
Microsoft Visual Studio Solution File, Format Version 12.00
# Visual Studio Version 17
VisualStudioVersion = 17.8.34330.188
MinimumVisualStudioVersion = 10.0.40219.1
Project("{FAE04EC0-301F-11D3-BF4B-00C04F79EFBC}") = "ph", "ph.csproj", "{6C9936B3-CC0D-4F11-974C-E53C7457FABC}"
EndProject
Global
	GlobalSection(SolutionConfigurationPlatforms) = preSolution
		Debug|Any CPU = Debug|Any CPU
		Release|Any CPU = Release|Any CPU
	EndGlobalSection
	GlobalSection(ProjectConfigurationPlatforms) = postSolution
		{6C9936B3-CC0D-4F11-974C-E53C7457FABC}.Debug|Any CPU.ActiveCfg = Debug|Any CPU
		{6C9936B3-CC0D-4F11-974C-E53C7457FABC}.Debug|Any CPU.Build.0 = Debug|Any CPU
		{6C9936B3-CC0D-4F11-974C-E53C7457FABC}.Release|Any CPU.ActiveCfg = Release|Any CPU
		{6C9936B3-CC0D-4F11-974C-E53C7457FABC}.Release|Any CPU.Build.0 = Release|Any CPU
	EndGlobalSection
	GlobalSection(SolutionProperties) = preSolution
		HideSolutionNode = FALSE
	EndGlobalSection
	GlobalSection(ExtensibilityGlobals) = postSolution
		SolutionGuid = {1BABC756-BBF1-45CA-885E-ADEF57AEC5A9}
	EndGlobalSection
EndGlobal
